
Microsoft Visual Studio Solution File, Format Version 12.00
# Visual Studio Version 17
VisualStudioVersion = 17.5.33414.496
MinimumVisualStudioVersion = 10.0.40219.1
Project("{9A19103F-16F7-4668-BE54-9A1E7A4F7556}") = "ContosoUniversity", "ContosoUniversity\ContosoUniversity.csproj", "{D505213B-5548-4D23-8404-1A6AB3A3335E}"
EndProject
Global
	GlobalSection(SolutionConfigurationPlatforms) = preSolution
		Debug|Any CPU = Debug|Any CPU
		Release|Any CPU = Release|Any CPU
	EndGlobalSection
	GlobalSection(ProjectConfigurationPlatforms) = postSolution
		{D505213B-5548-4D23-8404-1A6AB3A3335E}.Debug|Any CPU.ActiveCfg = Debug|Any CPU
		{D505213B-5548-4D23-8404-1A6AB3A3335E}.Debug|Any CPU.Build.0 = Debug|Any CPU
		{D505213B-5548-4D23-8404-1A6AB3A3335E}.Release|Any CPU.ActiveCfg = Release|Any CPU
		{D505213B-5548-4D23-8404-1A6AB3A3335E}.Release|Any CPU.Build.0 = Release|Any CPU
	EndGlobalSection
	GlobalSection(SolutionProperties) = preSolution
		HideSolutionNode = FALSE
	EndGlobalSection
	GlobalSection(ExtensibilityGlobals) = postSolution
		SolutionGuid = {387B1D6C-178A-46AE-979B-2B8A2361D0A0}
	EndGlobalSection
EndGlobal
